# THIS IS AN AUTOGENERATED FILE. DO NOT EDIT THIS FILE DIRECTLY.
# yarn lockfile v1


vue-property-decorator@^9.1.2:
  version "9.1.2"
  resolved "https://registry.yarnpkg.com/vue-property-decorator/-/vue-property-decorator-9.1.2.tgz#266a2eac61ba6527e2e68a6933cfb98fddab5457"
  integrity sha512-xYA8MkZynPBGd/w5QFJ2d/NM0z/YeegMqYTphy7NJQXbZcuU6FC6AOdUAcy4SXP+YnkerC6AfH+ldg7PDk9ESQ==

vue-router@^3.5.2:
  version "3.5.2"
  resolved "https://registry.yarnpkg.com/vue-router/-/vue-router-3.5.2.tgz#5f55e3f251970e36c3e8d88a7cd2d67a350ade5c"
  integrity sha512-807gn82hTnjCYGrnF3eNmIw/dk7/GE4B5h69BlyCK9KHASwSloD1Sjcn06zg9fVG4fYH2DrsNBZkpLtb25WtaQ==
